
Microsoft Visual Studio Solution File, Format Version 12.00
# Visual Studio Version 16
VisualStudioVersion = 16.0.30114.105
MinimumVisualStudioVersion = 10.0.40219.1
Project("{9A19103F-16F7-4668-BE54-9A1E7A4F7556}") = "HelloWorldWeb", "HelloWorldWeb\HelloWorldWeb.csproj", "{BBD28F66-4032-427F-8463-516B78B13182}"
EndProject
Project("{9A19103F-16F7-4668-BE54-9A1E7A4F7556}") = "HelloWorld2", "HelloWorld2.Console\HelloWorld2.csproj", "{748C8D82-BFA3-4683-BC1E-0C699FAC421D}"
EndProject
Project("{2150E333-8FDC-42A3-9474-1A3956D46DE8}") = "Solution Items", "Solution Items", "{2F068687-73C3-461A-A26D-6DE737CABCB2}"
	ProjectSection(SolutionItems) = preProject
		.editorconfig = .editorconfig
		README.md = README.md
	EndProjectSection
EndProject
Project("{9A19103F-16F7-4668-BE54-9A1E7A4F7556}") = "HelloWorldWeb.Tests", "HelloWorldWeb.Tests\HelloWorldWeb.Tests.csproj", "{C8BC8DD3-687D-474A-A8E5-F160AD1C714F}"
EndProject
Global
	GlobalSection(SolutionConfigurationPlatforms) = preSolution
		Debug|Any CPU = Debug|Any CPU
		Debug|x64 = Debug|x64
		Debug|x86 = Debug|x86
		Release|Any CPU = Release|Any CPU
		Release|x64 = Release|x64
		Release|x86 = Release|x86
	EndGlobalSection
	GlobalSection(ProjectConfigurationPlatforms) = postSolution
		{BBD28F66-4032-427F-8463-516B78B13182}.Debug|Any CPU.ActiveCfg = Debug|Any CPU
		{BBD28F66-4032-427F-8463-516B78B13182}.Debug|Any CPU.Build.0 = Debug|Any CPU
		{BBD28F66-4032-427F-8463-516B78B13182}.Debug|x64.ActiveCfg = Debug|Any CPU
		{BBD28F66-4032-427F-8463-516B78B13182}.Debug|x64.Build.0 = Debug|Any CPU
		{BBD28F66-4032-427F-8463-516B78B13182}.Debug|x86.ActiveCfg = Debug|Any CPU
		{BBD28F66-4032-427F-8463-516B78B13182}.Debug|x86.Build.0 = Debug|Any CPU
		{BBD28F66-4032-427F-8463-516B78B13182}.Release|Any CPU.ActiveCfg = Release|Any CPU
		{BBD28F66-4032-427F-8463-516B78B13182}.Release|Any CPU.Build.0 = Release|Any CPU
		{BBD28F66-4032-427F-8463-516B78B13182}.Release|x64.ActiveCfg = Release|Any CPU
		{BBD28F66-4032-427F-8463-516B78B13182}.Release|x64.Build.0 = Release|Any CPU
		{BBD28F66-4032-427F-8463-516B78B13182}.Release|x86.ActiveCfg = Release|Any CPU
		{BBD28F66-4032-427F-8463-516B78B13182}.Release|x86.Build.0 = Release|Any CPU
		{748C8D82-BFA3-4683-BC1E-0C699FAC421D}.Debug|Any CPU.ActiveCfg = Debug|Any CPU
		{748C8D82-BFA3-4683-BC1E-0C699FAC421D}.Debug|Any CPU.Build.0 = Debug|Any CPU
		{748C8D82-BFA3-4683-BC1E-0C699FAC421D}.Debug|x64.ActiveCfg = Debug|Any CPU
		{748C8D82-BFA3-4683-BC1E-0C699FAC421D}.Debug|x64.Build.0 = Debug|Any CPU
		{748C8D82-BFA3-4683-BC1E-0C699FAC421D}.Debug|x86.ActiveCfg = Debug|Any CPU
		{748C8D82-BFA3-4683-BC1E-0C699FAC421D}.Debug|x86.Build.0 = Debug|Any CPU
		{748C8D82-BFA3-4683-BC1E-0C699FAC421D}.Release|Any CPU.ActiveCfg = Release|Any CPU
		{748C8D82-BFA3-4683-BC1E-0C699FAC421D}.Release|Any CPU.Build.0 = Release|Any CPU
		{748C8D82-BFA3-4683-BC1E-0C699FAC421D}.Release|x64.ActiveCfg = Release|Any CPU
		{748C8D82-BFA3-4683-BC1E-0C699FAC421D}.Release|x64.Build.0 = Release|Any CPU
		{748C8D82-BFA3-4683-BC1E-0C699FAC421D}.Release|x86.ActiveCfg = Release|Any CPU
		{748C8D82-BFA3-4683-BC1E-0C699FAC421D}.Release|x86.Build.0 = Release|Any CPU
		{C8BC8DD3-687D-474A-A8E5-F160AD1C714F}.Debug|Any CPU.ActiveCfg = Debug|Any CPU
		{C8BC8DD3-687D-474A-A8E5-F160AD1C714F}.Debug|Any CPU.Build.0 = Debug|Any CPU
		{C8BC8DD3-687D-474A-A8E5-F160AD1C714F}.Debug|x64.ActiveCfg = Debug|Any CPU
		{C8BC8DD3-687D-474A-A8E5-F160AD1C714F}.Debug|x64.Build.0 = Debug|Any CPU
		{C8BC8DD3-687D-474A-A8E5-F160AD1C714F}.Debug|x86.ActiveCfg = Debug|Any CPU
		{C8BC8DD3-687D-474A-A8E5-F160AD1C714F}.Debug|x86.Build.0 = Debug|Any CPU
		{C8BC8DD3-687D-474A-A8E5-F160AD1C714F}.Release|Any CPU.ActiveCfg = Release|Any CPU
		{C8BC8DD3-687D-474A-A8E5-F160AD1C714F}.Release|Any CPU.Build.0 = Release|Any CPU
		{C8BC8DD3-687D-474A-A8E5-F160AD1C714F}.Release|x64.ActiveCfg = Release|Any CPU
		{C8BC8DD3-687D-474A-A8E5-F160AD1C714F}.Release|x64.Build.0 = Release|Any CPU
		{C8BC8DD3-687D-474A-A8E5-F160AD1C714F}.Release|x86.ActiveCfg = Release|Any CPU
		{C8BC8DD3-687D-474A-A8E5-F160AD1C714F}.Release|x86.Build.0 = Release|Any CPU
	EndGlobalSection
	GlobalSection(SolutionProperties) = preSolution
		HideSolutionNode = FALSE
	EndGlobalSection
	GlobalSection(ExtensibilityGlobals) = postSolution
		SolutionGuid = {0E440EC4-DD2E-4F7E-8C75-DA6514B1BE2C}
	EndGlobalSection
EndGlobal
